# This file was autogenerated by Stack.
# You should not edit this file by hand.
# For more information, please see the documentation at:
#   https://docs.haskellstack.org/en/stable/lock_files

packages:
- completed:
    hackage: HDBC-postgresql-2.3.2.6@sha256:6e1636b0414ae7b028a01f1a90cf3e28c14f1df7867cf2615d5357d9abcd6279,3164
    pantry-tree:
      sha256: 447f1893e85d46f3f1c5e8b43ed46e4ff9563223c2ae0b6b78de624a9f0563c1
      size: 1740
  original:
    hackage: HDBC-postgresql-2.3.2.6
snapshots:
- completed:
    sha256: c315e89873bc7afb6c8b42ddc1946d63f6a946b87d19e16a6ac1ebfb32ec1cc1
    size: 527835
    url: https://mirrors.tuna.tsinghua.edu.cn/stackage/stackage-snapshots/lts/11/21.yaml
  original: lts-11.21
